// !$*UTF8*$!
{
	archiveVersion = 1;
	classes = {
	};
	objectVersion = 77;
	objects = {

/* Begin PBXBuildFile section */
		3398F5B02F3DA86C00E77831 /* Supabase in Frameworks */ = {isa = PBXBuildFile; productRef = 33AA00022F3D500000E77831 /* Supabase */; };
/* End PBXBuildFile section */

/* Begin PBXContainerItemProxy section */
		3398F4932F3D4A0E00E77831 /* PBXContainerItemProxy */ = {
			isa = PBXContainerItemProxy;
			containerPortal = 3398F47D2F3D4A0D00E77831 /* Project object */;
			proxyType = 1;
			remoteGlobalIDString = 3398F4842F3D4A0D00E77831;
			remoteInfo = RentalMngr;
		};
		3398F49D2F3D4A0F00E77831 /* PBXContainerItemProxy */ = {
			isa = PBXContainerItemProxy;
			containerPortal = 3398F47D2F3D4A0D00E77831 /* Project object */;
			proxyType = 1;
			remoteGlobalIDString = 3398F4842F3D4A0D00E77831;
			remoteInfo = RentalMngr;
		};
/* End PBXContainerItemProxy section */

/* Begin PBXFileReference section */
		3398F4852F3D4A0D00E77831 /* RentalMngr.app */ = {isa = PBXFileReference; explicitFileType = wrapper.application; includeInIndex = 0; path = RentalMngr.app; sourceTree = BUILT_PRODUCTS_DIR; };
		3398F4922F3D4A0E00E77831 /* RentalMngrTests.xctest */ = {isa = PBXFileReference; explicitFileType = wrapper.cfbundle; includeInIndex = 0; path = RentalMngrTests.xctest; sourceTree = BUILT_PRODUCTS_DIR; };
		3398F49C2F3D4A0F00E77831 /* RentalMngrUITests.xctest */ = {isa = PBXFileReference; explicitFileType = wrapper.cfbundle; includeInIndex = 0; path = RentalMngrUITests.xctest; sourceTree = BUILT_PRODUCTS_DIR; };
/* End PBXFileReference section */

/* Begin PBXFileSystemSynchronizedRootGroup section */
		3398F4872F3D4A0D00E77831 /* RentalMngr */ = {
			isa = PBXFileSystemSynchronizedRootGroup;
			path = RentalMngr;
			sourceTree = "<group>";
		};
		3398F4952F3D4A0E00E77831 /* RentalMngrTests */ = {
			isa = PBXFileSystemSynchronizedRootGroup;
			path = RentalMngrTests;
			sourceTree = "<group>";
		};
		3398F49F2F3D4A0F00E77831 /* RentalMngrUITests */ = {
			isa = PBXFileSystemSynchronizedRootGroup;
			path = RentalMngrUITests;
			sourceTree = "<group>";
		};
/* End PBXFileSystemSynchronizedRootGroup section */

/* Begin PBXFrameworksBuildPhase section */
		3398F4822F3D4A0D00E77831 /* Frameworks */ = {
			isa = PBXFrameworksBuildPhase;
			buildActionMask = 2147483647;
			files = (
				3398F5B02F3DA86C00E77831 /* Supabase in Frameworks */,
			);
			runOnlyForDeploymentPostprocessing = 0;
		};
		3398F48F2F3D4A0E00E77831 /* Frameworks */ = {
			isa = PBXFrameworksBuildPhase;
			buildActionMask = 2147483647;
			files = (
			);
			runOnlyForDeploymentPostprocessing = 0;
		};
		3398F4992F3D4A0F00E77831 /* Frameworks */ = {
			isa = PBXFrameworksBuildPhase;
			buildActionMask = 2147483647;
			files = (
			);
			runOnlyForDeploymentPostprocessing = 0;
		};
/* End PBXFrameworksBuildPhase section */

/* Begin PBXGroup section */
		3398F47C2F3D4A0D00E77831 = {
			isa = PBXGroup;
			children = (
				3398F4872F3D4A0D00E77831 /* RentalMngr */,
				3398F4952F3D4A0E00E77831 /* RentalMngrTests */,
				3398F49F2F3D4A0F00E77831 /* RentalMngrUITests */,
				3398F4862F3D4A0D00E77831 /* Products */,
			);
			sourceTree = "<group>";
		};
		3398F4862F3D4A0D00E77831 /* Products */ = {
			isa = PBXGroup;
			children = (
				3398F4852F3D4A0D00E77831 /* RentalMngr.app */,
				3398F4922F3D4A0E00E77831 /* RentalMngrTests.xctest */,
				3398F49C2F3D4A0F00E77831 /* RentalMngrUITests.xctest */,
			);
			name = Products;
			sourceTree = "<group>";
		};
/* End PBXGroup section */

/* Begin PBXNativeTarget section */
		3398F4842F3D4A0D00E77831 /* RentalMngr */ = {
			isa = PBXNativeTarget;
			buildConfigurationList = 3398F4A62F3D4A0F00E77831 /* Build configuration list for PBXNativeTarget "RentalMngr" */;
			buildPhases = (
				3398F4812F3D4A0D00E77831 /* Sources */,
				3398F4822F3D4A0D00E77831 /* Frameworks */,
				3398F4832F3D4A0D00E77831 /* Resources */,
			);
			buildRules = (
			);
			dependencies = (
			);
			fileSystemSynchronizedGroups = (
				3398F4872F3D4A0D00E77831 /* RentalMngr */,
			);
			name = RentalMngr;
			packageProductDependencies = (
				33AA00022F3D500000E77831 /* Supabase */,
			);
			productName = RentalMngr;
			productReference = 3398F4852F3D4A0D00E77831 /* RentalMngr.app */;
			productType = "com.apple.product-type.application";
		};
		3398F4912F3D4A0E00E77831 /* RentalMngrTests */ = {
			isa = PBXNativeTarget;
			buildConfigurationList = 3398F4A92F3D4A0F00E77831 /* Build configuration list for PBXNativeTarget "RentalMngrTests" */;
			buildPhases = (
				3398F48E2F3D4A0E00E77831 /* Sources */,
				3398F48F2F3D4A0E00E77831 /* Frameworks */,
				3398F4902F3D4A0E00E77831 /* Resources */,
			);
			buildRules = (
			);
			dependencies = (
				3398F4942F3D4A0E00E77831 /* PBXTargetDependency */,
			);
			fileSystemSynchronizedGroups = (
				3398F4952F3D4A0E00E77831 /* RentalMngrTests */,
			);
			name = RentalMngrTests;
			packageProductDependencies = (
			);
			productName = RentalMngrTests;
			productReference = 3398F4922F3D4A0E00E77831 /* RentalMngrTests.xctest */;
			productType = "com.apple.product-type.bundle.unit-test";
		};
		3398F49B2F3D4A0F00E77831 /* RentalMngrUITests */ = {
			isa = PBXNativeTarget;
			buildConfigurationList = 3398F4AC2F3D4A0F00E77831 /* Build configuration list for PBXNativeTarget "RentalMngrUITests" */;
			buildPhases = (
				3398F4982F3D4A0F00E77831 /* Sources */,
				3398F4992F3D4A0F00E77831 /* Frameworks */,
				3398F49A2F3D4A0F00E77831 /* Resources */,
			);
			buildRules = (
			);
			dependencies = (
				3398F49E2F3D4A0F00E77831 /* PBXTargetDependency */,
			);
			fileSystemSynchronizedGroups = (
				3398F49F2F3D4A0F00E77831 /* RentalMngrUITests */,
			);
			name = RentalMngrUITests;
			packageProductDependencies = (
			);
			productName = RentalMngrUITests;
			productReference = 3398F49C2F3D4A0F00E77831 /* RentalMngrUITests.xctest */;
			productType = "com.apple.product-type.bundle.ui-testing";
		};
/* End PBXNativeTarget section */

/* Begin PBXProject section */
		3398F47D2F3D4A0D00E77831 /* Project object */ = {
			isa = PBXProject;
			attributes = {
				BuildIndependentTargetsInParallel = 1;
				LastSwiftUpdateCheck = 2620;
				LastUpgradeCheck = 2620;
				TargetAttributes = {
					3398F4842F3D4A0D00E77831 = {
						CreatedOnToolsVersion = 26.2;
					};
					3398F4912F3D4A0E00E77831 = {
						CreatedOnToolsVersion = 26.2;
						TestTargetID = 3398F4842F3D4A0D00E77831;
					};
					3398F49B2F3D4A0F00E77831 = {
						CreatedOnToolsVersion = 26.2;
						TestTargetID = 3398F4842F3D4A0D00E77831;
					};
				};
			};
			buildConfigurationList = 3398F4802F3D4A0D00E77831 /* Build configuration list for PBXProject "RentalMngr" */;
			developmentRegion = en;
			hasScannedForEncodings = 0;
			knownRegions = (
				en,
				Base,
			);
			mainGroup = 3398F47C2F3D4A0D00E77831;
			minimizedProjectReferenceProxies = 1;
			packageReferences = (
				33AA00012F3D500000E77831 /* XCRemoteSwiftPackageReference "supabase-swift" */,
			);
			preferredProjectObjectVersion = 77;
			productRefGroup = 3398F4862F3D4A0D00E77831 /* Products */;
			projectDirPath = "";
			projectRoot = "";
			targets = (
				3398F4842F3D4A0D00E77831 /* RentalMngr */,
				3398F4912F3D4A0E00E77831 /* RentalMngrTests */,
				3398F49B2F3D4A0F00E77831 /* RentalMngrUITests */,
			);
		};
/* End PBXProject section */

/* Begin PBXResourcesBuildPhase section */
		3398F4832F3D4A0D00E77831 /* Resources */ = {
			isa = PBXResourcesBuildPhase;
			buildActionMask = 2147483647;
			files = (
			);
			runOnlyForDeploymentPostprocessing = 0;
		};
		3398F4902F3D4A0E00E77831 /* Resources */ = {
			isa = PBXResourcesBuildPhase;
			buildActionMask = 2147483647;
			files = (
			);
			runOnlyForDeploymentPostprocessing = 0;
		};
		3398F49A2F3D4A0F00E77831 /* Resources */ = {
			isa = PBXResourcesBuildPhase;
			buildActionMask = 2147483647;
			files = (
			);
			runOnlyForDeploymentPostprocessing = 0;
		};
/* End PBXResourcesBuildPhase section */

/* Begin PBXSourcesBuildPhase section */
		3398F4812F3D4A0D00E77831 /* Sources */ = {
			isa = PBXSourcesBuildPhase;
			buildActionMask = 2147483647;
			files = (
			);
			runOnlyForDeploymentPostprocessing = 0;
		};
		3398F48E2F3D4A0E00E77831 /* Sources */ = {
			isa = PBXSourcesBuildPhase;
			buildActionMask = 2147483647;
			files = (
			);
			runOnlyForDeploymentPostprocessing = 0;
		};
		3398F4982F3D4A0F00E77831 /* Sources */ = {
			isa = PBXSourcesBuildPhase;
			buildActionMask = 2147483647;
			files = (
			);
			runOnlyForDeploymentPostprocessing = 0;
		};
/* End PBXSourcesBuildPhase section */

/* Begin PBXTargetDependency section */
		3398F4942F3D4A0E00E77831 /* PBXTargetDependency */ = {
			isa = PBXTargetDependency;
			target = 3398F4842F3D4A0D00E77831 /* RentalMngr */;
			targetProxy = 3398F4932F3D4A0E00E77831 /* PBXContainerItemProxy */;
		};
		3398F49E2F3D4A0F00E77831 /* PBXTargetDependency */ = {
			isa = PBXTargetDependency;
			target = 3398F4842F3D4A0D00E77831 /* RentalMngr */;
			targetProxy = 3398F49D2F3D4A0F00E77831 /* PBXContainerItemProxy */;
		};
/* End PBXTargetDependency section */

/* Begin XCBuildConfiguration section */
		3398F4A42F3D4A0F00E77831 /* Debug */ = {
			isa = XCBuildConfiguration;
			buildSettings = {
				ALWAYS_SEARCH_USER_PATHS = NO;
				ASSETCATALOG_COMPILER_GENERATE_SWIFT_ASSET_SYMBOL_EXTENSIONS = YES;
				CLANG_ANALYZER_NONNULL = YES;
				CLANG_ANALYZER_NUMBER_OBJECT_CONVERSION = YES_AGGRESSIVE;
				CLANG_CXX_LANGUAGE_STANDARD = "gnu++20";
				CLANG_ENABLE_MODULES = YES;
				CLANG_ENABLE_OBJC_ARC = YES;
				CLANG_ENABLE_OBJC_WEAK = YES;
				CLANG_WARN_BLOCK_CAPTURE_AUTORELEASING = YES;
				CLANG_WARN_BOOL_CONVERSION = YES;
				CLANG_WARN_COMMA = YES;
				CLANG_WARN_CONSTANT_CONVERSION = YES;
				CLANG_WARN_DEPRECATED_OBJC_IMPLEMENTATIONS = YES;
				CLANG_WARN_DIRECT_OBJC_ISA_USAGE = YES_ERROR;
				CLANG_WARN_DOCUMENTATION_COMMENTS = YES;
				CLANG_WARN_EMPTY_BODY = YES;
				CLANG_WARN_ENUM_CONVERSION = YES;
				CLANG_WARN_INFINITE_RECURSION = YES;
				CLANG_WARN_INT_CONVERSION = YES;
				CLANG_WARN_NON_LITERAL_NULL_CONVERSION = YES;
				CLANG_WARN_OBJC_IMPLICIT_RETAIN_SELF = YES;
				CLANG_WARN_OBJC_LITERAL_CONVERSION = YES;
				CLANG_WARN_OBJC_ROOT_CLASS = YES_ERROR;
				CLANG_WARN_QUOTED_INCLUDE_IN_FRAMEWORK_HEADER = YES;
				CLANG_WARN_RANGE_LOOP_ANALYSIS = YES;
				CLANG_WARN_STRICT_PROTOTYPES = YES;
				CLANG_WARN_SUSPICIOUS_MOVE = YES;
				CLANG_WARN_UNGUARDED_AVAILABILITY = YES_AGGRESSIVE;
				CLANG_WARN_UNREACHABLE_CODE = YES;
				CLANG_WARN__DUPLICATE_METHOD_MATCH = YES;
				COPY_PHASE_STRIP = NO;
				DEBUG_INFORMATION_FORMAT = dwarf;
				DEVELOPMENT_TEAM = AXK73U74AC;
				ENABLE_STRICT_OBJC_MSGSEND = YES;
				ENABLE_TESTABILITY = YES;
				ENABLE_USER_SCRIPT_SANDBOXING = YES;
				GCC_C_LANGUAGE_STANDARD = gnu17;
				GCC_DYNAMIC_NO_PIC = NO;
				GCC_NO_COMMON_BLOCKS = YES;
				GCC_OPTIMIZATION_LEVEL = 0;
				GCC_PREPROCESSOR_DEFINITIONS = (
					"DEBUG=1",
					"$(inherited)",
				);
				GCC_WARN_64_TO_32_BIT_CONVERSION = YES;
				GCC_WARN_ABOUT_RETURN_TYPE = YES_ERROR;
				GCC_WARN_UNDECLARED_SELECTOR = YES;
				GCC_WARN_UNINITIALIZED_AUTOS = YES_AGGRESSIVE;
				GCC_WARN_UNUSED_FUNCTION = YES;
				GCC_WARN_UNUSED_VARIABLE = YES;
				IPHONEOS_DEPLOYMENT_TARGET = 26.2;
				LOCALIZATION_PREFERS_STRING_CATALOGS = YES;
				MTL_ENABLE_DEBUG_INFO = INCLUDE_SOURCE;
				MTL_FAST_MATH = YES;
				ONLY_ACTIVE_ARCH = YES;
				SDKROOT = iphoneos;
				SWIFT_ACTIVE_COMPILATION_CONDITIONS = "DEBUG $(inherited)";
				SWIFT_OPTIMIZATION_LEVEL = "-Onone";
			};
			name = Debug;
		};
		3398F4A52F3D4A0F00E77831 /* Release */ = {
			isa = XCBuildConfiguration;
			buildSettings = {
				ALWAYS_SEARCH_USER_PATHS = NO;
				ASSETCATALOG_COMPILER_GENERATE_SWIFT_ASSET_SYMBOL_EXTENSIONS = YES;
				CLANG_ANALYZER_NONNULL = YES;
				CLANG_ANALYZER_NUMBER_OBJECT_CONVERSION = YES_AGGRESSIVE;
				CLANG_CXX_LANGUAGE_STANDARD = "gnu++20";
				CLANG_ENABLE_MODULES = YES;
				CLANG_ENABLE_OBJC_ARC = YES;
				CLANG_ENABLE_OBJC_WEAK = YES;
				CLANG_WARN_BLOCK_CAPTURE_AUTORELEASING = YES;
				CLANG_WARN_BOOL_CONVERSION = YES;
				CLANG_WARN_COMMA = YES;
				CLANG_WARN_CONSTANT_CONVERSION = YES;
				CLANG_WARN_DEPRECATED_OBJC_IMPLEMENTATIONS = YES;
				CLANG_WARN_DIRECT_OBJC_ISA_USAGE = YES_ERROR;
				CLANG_WARN_DOCUMENTATION_COMMENTS = YES;
				CLANG_WARN_EMPTY_BODY = YES;
				CLANG_WARN_ENUM_CONVERSION = YES;
				CLANG_WARN_INFINITE_RECURSION = YES;
				CLANG_WARN_INT_CONVERSION = YES;
				CLANG_WARN_NON_LITERAL_NULL_CONVERSION = YES;
				CLANG_WARN_OBJC_IMPLICIT_RETAIN_SELF = YES;
				CLANG_WARN_OBJC_LITERAL_CONVERSION = YES;
				CLANG_WARN_OBJC_ROOT_CLASS = YES_ERROR;
				CLANG_WARN_QUOTED_INCLUDE_IN_FRAMEWORK_HEADER = YES;
				CLANG_WARN_RANGE_LOOP_ANALYSIS = YES;
				CLANG_WARN_STRICT_PROTOTYPES = YES;
				CLANG_WARN_SUSPICIOUS_MOVE = YES;
				CLANG_WARN_UNGUARDED_AVAILABILITY = YES_AGGRESSIVE;
				CLANG_WARN_UNREACHABLE_CODE = YES;
				CLANG_WARN__DUPLICATE_METHOD_MATCH = YES;
				COPY_PHASE_STRIP = NO;
				DEBUG_INFORMATION_FORMAT = "dwarf-with-dsym";
				DEVELOPMENT_TEAM = AXK73U74AC;
				ENABLE_NS_ASSERTIONS = NO;
				ENABLE_STRICT_OBJC_MSGSEND = YES;
				ENABLE_USER_SCRIPT_SANDBOXING = YES;
				GCC_C_LANGUAGE_STANDARD = gnu17;
				GCC_NO_COMMON_BLOCKS = YES;
				GCC_WARN_64_TO_32_BIT_CONVERSION = YES;
				GCC_WARN_ABOUT_RETURN_TYPE = YES_ERROR;
				GCC_WARN_UNDECLARED_SELECTOR = YES;
				GCC_WARN_UNINITIALIZED_AUTOS = YES_AGGRESSIVE;
				GCC_WARN_UNUSED_FUNCTION = YES;
				GCC_WARN_UNUSED_VARIABLE = YES;
				IPHONEOS_DEPLOYMENT_TARGET = 26.2;
				LOCALIZATION_PREFERS_STRING_CATALOGS = YES;
				MTL_ENABLE_DEBUG_INFO = NO;
				MTL_FAST_MATH = YES;
				SDKROOT = iphoneos;
				SWIFT_COMPILATION_MODE = wholemodule;
				VALIDATE_PRODUCT = YES;
			};
			name = Release;
		};
		3398F4A72F3D4A0F00E77831 /* Debug */ = {
			isa = XCBuildConfiguration;
			buildSettings = {
				ASSETCATALOG_COMPILER_APPICON_NAME = AppIcon;
				ASSETCATALOG_COMPILER_GLOBAL_ACCENT_COLOR_NAME = AccentColor;
				CODE_SIGN_STYLE = Automatic;
				CURRENT_PROJECT_VERSION = 1;
				DEVELOPMENT_TEAM = AXK73U74AC;
				ENABLE_PREVIEWS = YES;
				GENERATE_INFOPLIST_FILE = YES;
				INFOPLIST_KEY_UIApplicationSceneManifest_Generation = YES;
				INFOPLIST_KEY_UIApplicationSupportsIndirectInputEvents = YES;
				INFOPLIST_KEY_UILaunchScreen_Generation = YES;
				INFOPLIST_KEY_UISupportedInterfaceOrientations_iPad = "UIInterfaceOrientationPortrait UIInterfaceOrientationPortraitUpsideDown UIInterfaceOrientationLandscapeLeft UIInterfaceOrientationLandscapeRight";
				INFOPLIST_KEY_UISupportedInterfaceOrientations_iPhone = "UIInterfaceOrientationPortrait UIInterfaceOrientationLandscapeLeft UIInterfaceOrientationLandscapeRight";
				LD_RUNPATH_SEARCH_PATHS = (
					"$(inherited)",
					"@executable_path/Frameworks",
				);
				MARKETING_VERSION = 1.0;
				PRODUCT_BUNDLE_IDENTIFIER = idanidev.RentalMngr;
				PRODUCT_NAME = "$(TARGET_NAME)";
				STRING_CATALOG_GENERATE_SYMBOLS = YES;
				SWIFT_APPROACHABLE_CONCURRENCY = YES;
				SWIFT_DEFAULT_ACTOR_ISOLATION = MainActor;
				SWIFT_EMIT_LOC_STRINGS = YES;
				SWIFT_UPCOMING_FEATURE_MEMBER_IMPORT_VISIBILITY = YES;
				SWIFT_VERSION = 5.0;
				TARGETED_DEVICE_FAMILY = "1,2";
			};
			name = Debug;
		};
		3398F4A82F3D4A0F00E77831 /* Release */ = {
			isa = XCBuildConfiguration;
			buildSettings = {
				ASSETCATALOG_COMPILER_APPICON_NAME = AppIcon;
				ASSETCATALOG_COMPILER_GLOBAL_ACCENT_COLOR_NAME = AccentColor;
				CODE_SIGN_STYLE = Automatic;
				CURRENT_PROJECT_VERSION = 1;
				DEVELOPMENT_TEAM = AXK73U74AC;
				ENABLE_PREVIEWS = YES;
				GENERATE_INFOPLIST_FILE = YES;
				INFOPLIST_KEY_UIApplicationSceneManifest_Generation = YES;
				INFOPLIST_KEY_UIApplicationSupportsIndirectInputEvents = YES;
				INFOPLIST_KEY_UILaunchScreen_Generation = YES;
				INFOPLIST_KEY_UISupportedInterfaceOrientations_iPad = "UIInterfaceOrientationPortrait UIInterfaceOrientationPortraitUpsideDown UIInterfaceOrientationLandscapeLeft UIInterfaceOrientationLandscapeRight";
				INFOPLIST_KEY_UISupportedInterfaceOrientations_iPhone = "UIInterfaceOrientationPortrait UIInterfaceOrientationLandscapeLeft UIInterfaceOrientationLandscapeRight";
				LD_RUNPATH_SEARCH_PATHS = (
					"$(inherited)",
					"@executable_path/Frameworks",
				);
				MARKETING_VERSION = 1.0;
				PRODUCT_BUNDLE_IDENTIFIER = idanidev.RentalMngr;
				PRODUCT_NAME = "$(TARGET_NAME)";
				STRING_CATALOG_GENERATE_SYMBOLS = YES;
				SWIFT_APPROACHABLE_CONCURRENCY = YES;
				SWIFT_DEFAULT_ACTOR_ISOLATION = MainActor;
				SWIFT_EMIT_LOC_STRINGS = YES;
				SWIFT_UPCOMING_FEATURE_MEMBER_IMPORT_VISIBILITY = YES;
				SWIFT_VERSION = 5.0;
				TARGETED_DEVICE_FAMILY = "1,2";
			};
			name = Release;
		};
		3398F4AA2F3D4A0F00E77831 /* Debug */ = {
			isa = XCBuildConfiguration;
			buildSettings = {
				BUNDLE_LOADER = "$(TEST_HOST)";
				CODE_SIGN_STYLE = Automatic;
				CURRENT_PROJECT_VERSION = 1;
				DEVELOPMENT_TEAM = AXK73U74AC;
				GENERATE_INFOPLIST_FILE = YES;
				IPHONEOS_DEPLOYMENT_TARGET = 26.2;
				MARKETING_VERSION = 1.0;
				PRODUCT_BUNDLE_IDENTIFIER = idanidev.RentalMngrTests;
				PRODUCT_NAME = "$(TARGET_NAME)";
				STRING_CATALOG_GENERATE_SYMBOLS = NO;
				SWIFT_APPROACHABLE_CONCURRENCY = YES;
				SWIFT_EMIT_LOC_STRINGS = NO;
				SWIFT_UPCOMING_FEATURE_MEMBER_IMPORT_VISIBILITY = YES;
				SWIFT_VERSION = 5.0;
				TARGETED_DEVICE_FAMILY = "1,2";
				TEST_HOST = "$(BUILT_PRODUCTS_DIR)/RentalMngr.app/$(BUNDLE_EXECUTABLE_FOLDER_PATH)/RentalMngr";
			};
			name = Debug;
		};
		3398F4AB2F3D4A0F00E77831 /* Release */ = {
			isa = XCBuildConfiguration;
			buildSettings = {
				BUNDLE_LOADER = "$(TEST_HOST)";
				CODE_SIGN_STYLE = Automatic;
				CURRENT_PROJECT_VERSION = 1;
				DEVELOPMENT_TEAM = AXK73U74AC;
				GENERATE_INFOPLIST_FILE = YES;
				IPHONEOS_DEPLOYMENT_TARGET = 26.2;
				MARKETING_VERSION = 1.0;
				PRODUCT_BUNDLE_IDENTIFIER = idanidev.RentalMngrTests;
				PRODUCT_NAME = "$(TARGET_NAME)";
				STRING_CATALOG_GENERATE_SYMBOLS = NO;
				SWIFT_APPROACHABLE_CONCURRENCY = YES;
				SWIFT_EMIT_LOC_STRINGS = NO;
				SWIFT_UPCOMING_FEATURE_MEMBER_IMPORT_VISIBILITY = YES;
				SWIFT_VERSION = 5.0;
				TARGETED_DEVICE_FAMILY = "1,2";
				TEST_HOST = "$(BUILT_PRODUCTS_DIR)/RentalMngr.app/$(BUNDLE_EXECUTABLE_FOLDER_PATH)/RentalMngr";
			};
			name = Release;
		};
		3398F4AD2F3D4A0F00E77831 /* Debug */ = {
			isa = XCBuildConfiguration;
			buildSettings = {
				CODE_SIGN_STYLE = Automatic;
				CURRENT_PROJECT_VERSION = 1;
				DEVELOPMENT_TEAM = AXK73U74AC;
				GENERATE_INFOPLIST_FILE = YES;
				MARKETING_VERSION = 1.0;
				PRODUCT_BUNDLE_IDENTIFIER = idanidev.RentalMngrUITests;
				PRODUCT_NAME = "$(TARGET_NAME)";
				STRING_CATALOG_GENERATE_SYMBOLS = NO;
				SWIFT_APPROACHABLE_CONCURRENCY = YES;
				SWIFT_EMIT_LOC_STRINGS = NO;
				SWIFT_UPCOMING_FEATURE_MEMBER_IMPORT_VISIBILITY = YES;
				SWIFT_VERSION = 5.0;
				TARGETED_DEVICE_FAMILY = "1,2";
				TEST_TARGET_NAME = RentalMngr;
			};
			name = Debug;
		};
		3398F4AE2F3D4A0F00E77831 /* Release */ = {
			isa = XCBuildConfiguration;
			buildSettings = {
				CODE_SIGN_STYLE = Automatic;
				CURRENT_PROJECT_VERSION = 1;
				DEVELOPMENT_TEAM = AXK73U74AC;
				GENERATE_INFOPLIST_FILE = YES;
				MARKETING_VERSION = 1.0;
				PRODUCT_BUNDLE_IDENTIFIER = idanidev.RentalMngrUITests;
				PRODUCT_NAME = "$(TARGET_NAME)";
				STRING_CATALOG_GENERATE_SYMBOLS = NO;
				SWIFT_APPROACHABLE_CONCURRENCY = YES;
				SWIFT_EMIT_LOC_STRINGS = NO;
				SWIFT_UPCOMING_FEATURE_MEMBER_IMPORT_VISIBILITY = YES;
				SWIFT_VERSION = 5.0;
				TARGETED_DEVICE_FAMILY = "1,2";
				TEST_TARGET_NAME = RentalMngr;
			};
			name = Release;
		};
/* End XCBuildConfiguration section */

/* Begin XCConfigurationList section */
		3398F4802F3D4A0D00E77831 /* Build configuration list for PBXProject "RentalMngr" */ = {
			isa = XCConfigurationList;
			buildConfigurations = (
				3398F4A42F3D4A0F00E77831 /* Debug */,
				3398F4A52F3D4A0F00E77831 /* Release */,
			);
			defaultConfigurationIsVisible = 0;
			defaultConfigurationName = Release;
		};
		3398F4A62F3D4A0F00E77831 /* Build configuration list for PBXNativeTarget "RentalMngr" */ = {
			isa = XCConfigurationList;
			buildConfigurations = (
				3398F4A72F3D4A0F00E77831 /* Debug */,
				3398F4A82F3D4A0F00E77831 /* Release */,
			);
			defaultConfigurationIsVisible = 0;
			defaultConfigurationName = Release;
		};
		3398F4A92F3D4A0F00E77831 /* Build configuration list for PBXNativeTarget "RentalMngrTests" */ = {
			isa = XCConfigurationList;
			buildConfigurations = (
				3398F4AA2F3D4A0F00E77831 /* Debug */,
				3398F4AB2F3D4A0F00E77831 /* Release */,
			);
			defaultConfigurationIsVisible = 0;
			defaultConfigurationName = Release;
		};
		3398F4AC2F3D4A0F00E77831 /* Build configuration list for PBXNativeTarget "RentalMngrUITests" */ = {
			isa = XCConfigurationList;
			buildConfigurations = (
				3398F4AD2F3D4A0F00E77831 /* Debug */,
				3398F4AE2F3D4A0F00E77831 /* Release */,
			);
			defaultConfigurationIsVisible = 0;
			defaultConfigurationName = Release;
		};
/* End XCConfigurationList section */

/* Begin XCRemoteSwiftPackageReference section */
		33AA00012F3D500000E77831 /* XCRemoteSwiftPackageReference "supabase-swift" */ = {
			isa = XCRemoteSwiftPackageReference;
			repositoryURL = "https://github.com/supabase/supabase-swift.git";
			requirement = {
				kind = upToNextMajorVersion;
				minimumVersion = 2.0.0;
			};
		};
/* End XCRemoteSwiftPackageReference section */

/* Begin XCSwiftPackageProductDependency section */
		33AA00022F3D500000E77831 /* Supabase */ = {
			isa = XCSwiftPackageProductDependency;
			package = 33AA00012F3D500000E77831 /* XCRemoteSwiftPackageReference "supabase-swift" */;
			productName = Supabase;
		};
/* End XCSwiftPackageProductDependency section */
	};
	rootObject = 3398F47D2F3D4A0D00E77831 /* Project object */;
}
